
Microsoft Visual Studio Solution File, Format Version 11.00
# Visual Studio 2010
Project("{FAE04EC0-301F-11D3-BF4B-00C04F79EFBC}") = "RPG Plugins", "Assembly-CSharp.csproj", "{23134976-A76F-D025-8156-A5B60321B9E1}"
EndProject
Project("{FAE04EC0-301F-11D3-BF4B-00C04F79EFBC}") = "RPG Plugins", "Assembly-CSharp-Editor.csproj", "{D80CC502-D6C4-2D6B-7CF3-30CB98989401}"
EndProject
Global
	GlobalSection(SolutionConfigurationPlatforms) = preSolution
		Debug|Any CPU = Debug|Any CPU
		Release|Any CPU = Release|Any CPU
	EndGlobalSection
	GlobalSection(ProjectConfigurationPlatforms) = postSolution
		{23134976-A76F-D025-8156-A5B60321B9E1}.Debug|Any CPU.ActiveCfg = Debug|Any CPU
		{23134976-A76F-D025-8156-A5B60321B9E1}.Debug|Any CPU.Build.0 = Debug|Any CPU
		{23134976-A76F-D025-8156-A5B60321B9E1}.Release|Any CPU.ActiveCfg = Release|Any CPU
		{23134976-A76F-D025-8156-A5B60321B9E1}.Release|Any CPU.Build.0 = Release|Any CPU
		{D80CC502-D6C4-2D6B-7CF3-30CB98989401}.Debug|Any CPU.ActiveCfg = Debug|Any CPU
		{D80CC502-D6C4-2D6B-7CF3-30CB98989401}.Debug|Any CPU.Build.0 = Debug|Any CPU
		{D80CC502-D6C4-2D6B-7CF3-30CB98989401}.Release|Any CPU.ActiveCfg = Release|Any CPU
		{D80CC502-D6C4-2D6B-7CF3-30CB98989401}.Release|Any CPU.Build.0 = Release|Any CPU
	EndGlobalSection
	GlobalSection(SolutionProperties) = preSolution
		HideSolutionNode = FALSE
	EndGlobalSection
	GlobalSection(MonoDevelopProperties) = preSolution
		StartupItem = Assembly-CSharp.csproj
	EndGlobalSection
EndGlobal
